
Microsoft Visual Studio Solution File, Format Version 12.00
# Visual Studio Version 17
VisualStudioVersion = 17.8.34525.116
MinimumVisualStudioVersion = 10.0.40219.1
Project("{FAE04EC0-301F-11D3-BF4B-00C04F79EFBC}") = "VegetablesFruits", "VegetablesFruits\VegetablesFruits.csproj", "{EEE879B5-5E3A-4D45-B1F9-C248D60C0320}"
EndProject
Global
	GlobalSection(SolutionConfigurationPlatforms) = preSolution
		Debug|Any CPU = Debug|Any CPU
		Release|Any CPU = Release|Any CPU
	EndGlobalSection
	GlobalSection(ProjectConfigurationPlatforms) = postSolution
		{EEE879B5-5E3A-4D45-B1F9-C248D60C0320}.Debug|Any CPU.ActiveCfg = Debug|Any CPU
		{EEE879B5-5E3A-4D45-B1F9-C248D60C0320}.Debug|Any CPU.Build.0 = Debug|Any CPU
		{EEE879B5-5E3A-4D45-B1F9-C248D60C0320}.Release|Any CPU.ActiveCfg = Release|Any CPU
		{EEE879B5-5E3A-4D45-B1F9-C248D60C0320}.Release|Any CPU.Build.0 = Release|Any CPU
	EndGlobalSection
	GlobalSection(SolutionProperties) = preSolution
		HideSolutionNode = FALSE
	EndGlobalSection
	GlobalSection(ExtensibilityGlobals) = postSolution
		SolutionGuid = {3D535D2C-3D6A-4D24-83DE-31A4756115D9}
	EndGlobalSection
EndGlobal
